// !$*UTF8*$!
{
	archiveVersion = 1;
	classes = {
	};
	objectVersion = 46;
	objects = {

/* Begin PBXBuildFile section */
		AF149D9C2379FAA500CFF0C0 /* Launch Screen.storyboard in Resources */ = {isa = PBXBuildFile; fileRef = AF149D9B2379FAA500CFF0C0 /* Launch Screen.storyboard */; };
		AF449D4F1D5A931100A8EB23 /* Settings.bundle in Resources */ = {isa = PBXBuildFile; fileRef = AF449D4E1D5A931100A8EB23 /* Settings.bundle */; };
		AF9B6B6C17A032570046F92A /* Foundation.framework in Frameworks */ = {isa = PBXBuildFile; fileRef = AF9B6B6B17A032570046F92A /* Foundation.framework */; };
		AF9B6B6E17A032570046F92A /* CoreGraphics.framework in Frameworks */ = {isa = PBXBuildFile; fileRef = AF9B6B6D17A032570046F92A /* CoreGraphics.framework */; };
		AF9B6B7017A032570046F92A /* UIKit.framework in Frameworks */ = {isa = PBXBuildFile; fileRef = AF9B6B6F17A032570046F92A /* UIKit.framework */; };
		AF9B6B7817A032570046F92A /* main.m in Sources */ = {isa = PBXBuildFile; fileRef = AF9B6B7717A032570046F92A /* main.m */; };
		AF9B6B7C17A032570046F92A /* WCAppDelegate.m in Sources */ = {isa = PBXBuildFile; fileRef = AF9B6B7B17A032570046F92A /* WCAppDelegate.m */; };
		AF9B6BA017A032830046F92A /* WCComic.m in Sources */ = {isa = PBXBuildFile; fileRef = AF9B6B9E17A032830046F92A /* WCComic.m */; };
		AF9B6BA417A0329C0046F92A /* WCInfoViewController.m in Sources */ = {isa = PBXBuildFile; fileRef = AF9B6BA317A0329C0046F92A /* WCInfoViewController.m */; };
		AF9B6BB817A033A40046F92A /* WCItemCell.m in Sources */ = {isa = PBXBuildFile; fileRef = AF9B6BA717A033A40046F92A /* WCItemCell.m */; };
		AF9B6BB917A033A40046F92A /* WCLibraryDataSource.m in Sources */ = {isa = PBXBuildFile; fileRef = AF9B6BA917A033A40046F92A /* WCLibraryDataSource.m */; };
		AF9B6BBA17A033A40046F92A /* WCLibraryViewController.m in Sources */ = {isa = PBXBuildFile; fileRef = AF9B6BAB17A033A40046F92A /* WCLibraryViewController.m */; };
		AF9B6BBB17A033A40046F92A /* WCServerViewController.m in Sources */ = {isa = PBXBuildFile; fileRef = AF9B6BAE17A033A40046F92A /* WCServerViewController.m */; };
		AF9B6BBC17A033A40046F92A /* WCSettingsStorage.m in Sources */ = {isa = PBXBuildFile; fileRef = AF9B6BB017A033A40046F92A /* WCSettingsStorage.m */; };
		AF9B6BBD17A033A40046F92A /* WCScrollView.m in Sources */ = {isa = PBXBuildFile; fileRef = AF9B6BB317A033A40046F92A /* WCScrollView.m */; };
		AF9B6BBE17A033A40046F92A /* WCSliderToolbar.m in Sources */ = {isa = PBXBuildFile; fileRef = AF9B6BB517A033A40046F92A /* WCSliderToolbar.m */; };
		AF9B6BBF17A033A40046F92A /* WCViewerViewController.m in Sources */ = {isa = PBXBuildFile; fileRef = AF9B6BB717A033A40046F92A /* WCViewerViewController.m */; };
		AF9B6BC617A033AE0046F92A /* Localizable.strings in Resources */ = {isa = PBXBuildFile; fileRef = AF9B6BC117A033AE0046F92A /* Localizable.strings */; };
		AF9B6BC717A033AE0046F92A /* info.html in Resources */ = {isa = PBXBuildFile; fileRef = AF9B6BC317A033AE0046F92A /* info.html */; };
		AFD1C7901C2B7DBD00659B82 /* Images.xcassets in Resources */ = {isa = PBXBuildFile; fileRef = AFD1C78F1C2B7DBD00659B82 /* Images.xcassets */; };
		AFF056671A0A79C8002B5710 /* ioapi.c in Sources */ = {isa = PBXBuildFile; fileRef = AFF055E01A0A79C8002B5710 /* ioapi.c */; settings = {COMPILER_FLAGS = "-Wno-all"; }; };
		AFF056681A0A79C8002B5710 /* mztools.c in Sources */ = {isa = PBXBuildFile; fileRef = AFF055E21A0A79C8002B5710 /* mztools.c */; };
		AFF056691A0A79C8002B5710 /* unzip.c in Sources */ = {isa = PBXBuildFile; fileRef = AFF055E41A0A79C8002B5710 /* unzip.c */; settings = {COMPILER_FLAGS = "-Wno-all"; }; };
		AFF0566A1A0A79C8002B5710 /* zip.c in Sources */ = {isa = PBXBuildFile; fileRef = AFF055E61A0A79C8002B5710 /* zip.c */; settings = {COMPILER_FLAGS = "-Wno-all"; }; };
		AFF0566C1A0A79C8002B5710 /* archive.cpp in Sources */ = {isa = PBXBuildFile; fileRef = AFF055EA1A0A79C8002B5710 /* archive.cpp */; settings = {COMPILER_FLAGS = "-Wno-all"; }; };
		AFF0566D1A0A79C8002B5710 /* arcread.cpp in Sources */ = {isa = PBXBuildFile; fileRef = AFF055EC1A0A79C8002B5710 /* arcread.cpp */; settings = {COMPILER_FLAGS = "-Wno-all"; }; };
		AFF0566F1A0A79C8002B5710 /* cmddata.cpp in Sources */ = {isa = PBXBuildFile; fileRef = AFF055EF1A0A79C8002B5710 /* cmddata.cpp */; settings = {COMPILER_FLAGS = "-Wno-all"; }; };
		AFF056711A0A79C8002B5710 /* consio.cpp in Sources */ = {isa = PBXBuildFile; fileRef = AFF055F41A0A79C8002B5710 /* consio.cpp */; settings = {COMPILER_FLAGS = "-Wno-all"; }; };
		AFF056721A0A79C8002B5710 /* crc.cpp in Sources */ = {isa = PBXBuildFile; fileRef = AFF055F61A0A79C8002B5710 /* crc.cpp */; settings = {COMPILER_FLAGS = "-Wno-all"; }; };
		AFF056731A0A79C8002B5710 /* crypt.cpp in Sources */ = {isa = PBXBuildFile; fileRef = AFF055F81A0A79C8002B5710 /* crypt.cpp */; settings = {COMPILER_FLAGS = "-Wno-all"; }; };
		AFF056741A0A79C8002B5710 /* dll.cpp in Sources */ = {isa = PBXBuildFile; fileRef = AFF055FA1A0A79C8002B5710 /* dll.cpp */; settings = {COMPILER_FLAGS = "-Wno-all -fexceptions"; }; };
		AFF056771A0A79C8002B5710 /* encname.cpp in Sources */ = {isa = PBXBuildFile; fileRef = AFF055FE1A0A79C8002B5710 /* encname.cpp */; settings = {COMPILER_FLAGS = "-Wno-all"; }; };
		AFF056781A0A79C8002B5710 /* errhnd.cpp in Sources */ = {isa = PBXBuildFile; fileRef = AFF056001A0A79C8002B5710 /* errhnd.cpp */; settings = {COMPILER_FLAGS = "-Wno-all -fexceptions"; }; };
		AFF056791A0A79C8002B5710 /* extinfo.cpp in Sources */ = {isa = PBXBuildFile; fileRef = AFF056021A0A79C8002B5710 /* extinfo.cpp */; settings = {COMPILER_FLAGS = "-Wno-all"; }; };
		AFF0567A1A0A79C8002B5710 /* extract.cpp in Sources */ = {isa = PBXBuildFile; fileRef = AFF056041A0A79C8002B5710 /* extract.cpp */; settings = {COMPILER_FLAGS = "-Wno-all"; }; };
		AFF0567B1A0A79C8002B5710 /* filcreat.cpp in Sources */ = {isa = PBXBuildFile; fileRef = AFF056061A0A79C8002B5710 /* filcreat.cpp */; settings = {COMPILER_FLAGS = "-Wno-all"; }; };
		AFF0567C1A0A79C8002B5710 /* file.cpp in Sources */ = {isa = PBXBuildFile; fileRef = AFF056081A0A79C8002B5710 /* file.cpp */; settings = {COMPILER_FLAGS = "-Wno-all"; }; };
		AFF0567D1A0A79C8002B5710 /* filefn.cpp in Sources */ = {isa = PBXBuildFile; fileRef = AFF0560A1A0A79C8002B5710 /* filefn.cpp */; settings = {COMPILER_FLAGS = "-Wno-all"; }; };
		AFF0567E1A0A79C8002B5710 /* filestr.cpp in Sources */ = {isa = PBXBuildFile; fileRef = AFF0560C1A0A79C8002B5710 /* filestr.cpp */; settings = {COMPILER_FLAGS = "-Wno-all"; }; };
		AFF0567F1A0A79C8002B5710 /* find.cpp in Sources */ = {isa = PBXBuildFile; fileRef = AFF0560E1A0A79C8002B5710 /* find.cpp */; settings = {COMPILER_FLAGS = "-Wno-all"; }; };
		AFF056801A0A79C8002B5710 /* getbits.cpp in Sources */ = {isa = PBXBuildFile; fileRef = AFF056101A0A79C8002B5710 /* getbits.cpp */; settings = {COMPILER_FLAGS = "-Wno-all"; }; };
		AFF056811A0A79C8002B5710 /* global.cpp in Sources */ = {isa = PBXBuildFile; fileRef = AFF056121A0A79C8002B5710 /* global.cpp */; settings = {COMPILER_FLAGS = "-Wno-all"; }; };
		AFF056821A0A79C8002B5710 /* isnt.cpp in Sources */ = {isa = PBXBuildFile; fileRef = AFF056151A0A79C8002B5710 /* isnt.cpp */; settings = {COMPILER_FLAGS = "-Wno-all"; }; };
		AFF056841A0A79C8002B5710 /* list.cpp in Sources */ = {isa = PBXBuildFile; fileRef = AFF056181A0A79C8002B5710 /* list.cpp */; settings = {COMPILER_FLAGS = "-Wno-all"; }; };
		AFF056851A0A79C8002B5710 /* log.cpp in Sources */ = {isa = PBXBuildFile; fileRef = AFF0561B1A0A79C8002B5710 /* log.cpp */; settings = {COMPILER_FLAGS = "-Wno-all"; }; };
		AFF0568B1A0A79C8002B5710 /* match.cpp in Sources */ = {isa = PBXBuildFile; fileRef = AFF056221A0A79C8002B5710 /* match.cpp */; settings = {COMPILER_FLAGS = "-Wno-all"; }; };
		AFF0568E1A0A79C8002B5710 /* options.cpp in Sources */ = {isa = PBXBuildFile; fileRef = AFF056271A0A79C8002B5710 /* options.cpp */; settings = {COMPILER_FLAGS = "-Wno-all"; }; };
		AFF056901A0A79C8002B5710 /* pathfn.cpp in Sources */ = {isa = PBXBuildFile; fileRef = AFF0562B1A0A79C8002B5710 /* pathfn.cpp */; settings = {COMPILER_FLAGS = "-Wno-all"; }; };
		AFF056911A0A79C8002B5710 /* rar.cpp in Sources */ = {isa = PBXBuildFile; fileRef = AFF0562D1A0A79C8002B5710 /* rar.cpp */; settings = {COMPILER_FLAGS = "-Wno-all"; }; };
		AFF056921A0A79C8002B5710 /* rarpch.cpp in Sources */ = {isa = PBXBuildFile; fileRef = AFF056321A0A79C8002B5710 /* rarpch.cpp */; settings = {COMPILER_FLAGS = "-Wno-all"; }; };
		AFF056931A0A79C8002B5710 /* rarvm.cpp in Sources */ = {isa = PBXBuildFile; fileRef = AFF056341A0A79C8002B5710 /* rarvm.cpp */; settings = {COMPILER_FLAGS = "-Wno-all"; }; };
		AFF056951A0A79C8002B5710 /* rawread.cpp in Sources */ = {isa = PBXBuildFile; fileRef = AFF056371A0A79C8002B5710 /* rawread.cpp */; settings = {COMPILER_FLAGS = "-Wno-all"; }; };
		AFF056961A0A79C8002B5710 /* rdwrfn.cpp in Sources */ = {isa = PBXBuildFile; fileRef = AFF056391A0A79C8002B5710 /* rdwrfn.cpp */; settings = {COMPILER_FLAGS = "-Wno-all"; }; };
		AFF056981A0A79C8002B5710 /* recvol.cpp in Sources */ = {isa = PBXBuildFile; fileRef = AFF0563C1A0A79C8002B5710 /* recvol.cpp */; settings = {COMPILER_FLAGS = "-Wno-all"; }; };
		AFF056991A0A79C8002B5710 /* resource.cpp in Sources */ = {isa = PBXBuildFile; fileRef = AFF0563E1A0A79C8002B5710 /* resource.cpp */; settings = {COMPILER_FLAGS = "-Wno-all"; }; };
		AFF0569A1A0A79C8002B5710 /* rijndael.cpp in Sources */ = {isa = PBXBuildFile; fileRef = AFF056401A0A79C8002B5710 /* rijndael.cpp */; settings = {COMPILER_FLAGS = "-Wno-all"; }; };
		AFF0569B1A0A79C8002B5710 /* rs.cpp in Sources */ = {isa = PBXBuildFile; fileRef = AFF056421A0A79C8002B5710 /* rs.cpp */; settings = {COMPILER_FLAGS = "-Wno-all"; }; };
		AFF0569C1A0A79C8002B5710 /* savepos.cpp in Sources */ = {isa = PBXBuildFile; fileRef = AFF056441A0A79C8002B5710 /* savepos.cpp */; settings = {COMPILER_FLAGS = "-Wno-all"; }; };
		AFF0569D1A0A79C8002B5710 /* scantree.cpp in Sources */ = {isa = PBXBuildFile; fileRef = AFF056461A0A79C8002B5710 /* scantree.cpp */; settings = {COMPILER_FLAGS = "-Wno-all"; }; };
		AFF0569E1A0A79C8002B5710 /* sha1.cpp in Sources */ = {isa = PBXBuildFile; fileRef = AFF056481A0A79C8002B5710 /* sha1.cpp */; settings = {COMPILER_FLAGS = "-Wno-all"; }; };
		AFF0569F1A0A79C8002B5710 /* smallfn.cpp in Sources */ = {isa = PBXBuildFile; fileRef = AFF0564A1A0A79C8002B5710 /* smallfn.cpp */; settings = {COMPILER_FLAGS = "-Wno-all"; }; };
		AFF056A01A0A79C8002B5710 /* strfn.cpp in Sources */ = {isa = PBXBuildFile; fileRef = AFF0564C1A0A79C8002B5710 /* strfn.cpp */; settings = {COMPILER_FLAGS = "-Wno-all"; }; };
		AFF056A11A0A79C8002B5710 /* strlist.cpp in Sources */ = {isa = PBXBuildFile; fileRef = AFF0564E1A0A79C8002B5710 /* strlist.cpp */; settings = {COMPILER_FLAGS = "-Wno-all"; }; };
		AFF056A31A0A79C8002B5710 /* system.cpp in Sources */ = {isa = PBXBuildFile; fileRef = AFF056521A0A79C8002B5710 /* system.cpp */; settings = {COMPILER_FLAGS = "-Wno-all"; }; };
		AFF056A41A0A79C8002B5710 /* timefn.cpp in Sources */ = {isa = PBXBuildFile; fileRef = AFF056541A0A79C8002B5710 /* timefn.cpp */; settings = {COMPILER_FLAGS = "-Wno-all"; }; };
		AFF056A51A0A79C8002B5710 /* ulinks.cpp in Sources */ = {isa = PBXBuildFile; fileRef = AFF056561A0A79C8002B5710 /* ulinks.cpp */; settings = {COMPILER_FLAGS = "-Wno-all"; }; };
		AFF056A61A0A79C8002B5710 /* unicode.cpp in Sources */ = {isa = PBXBuildFile; fileRef = AFF056581A0A79C8002B5710 /* unicode.cpp */; settings = {COMPILER_FLAGS = "-Wno-all"; }; };
		AFF056A81A0A79C8002B5710 /* unpack.cpp in Sources */ = {isa = PBXBuildFile; fileRef = AFF0565B1A0A79C8002B5710 /* unpack.cpp */; settings = {COMPILER_FLAGS = "-Wno-all"; }; };
		AFF056AE1A0A79C8002B5710 /* volume.cpp in Sources */ = {isa = PBXBuildFile; fileRef = AFF056631A0A79C8002B5710 /* volume.cpp */; settings = {COMPILER_FLAGS = "-Wno-all"; }; };
		AFF056B61A0A7C2B002B5710 /* MiniZip.m in Sources */ = {isa = PBXBuildFile; fileRef = AFF056B31A0A7C2B002B5710 /* MiniZip.m */; settings = {COMPILER_FLAGS = "-fno-objc-arc"; }; };
		AFF056B71A0A7C2B002B5710 /* UnRAR.m in Sources */ = {isa = PBXBuildFile; fileRef = AFF056B51A0A7C2B002B5710 /* UnRAR.m */; settings = {COMPILER_FLAGS = "-fno-objc-arc"; }; };
		CA97EF6AA852823D5F7FD7FE /* libPods-wComics.a in Frameworks */ = {isa = PBXBuildFile; fileRef = 4943CF44C9BE3CE70D51119B /* libPods-wComics.a */; };
/* End PBXBuildFile section */

/* Begin PBXFileReference section */
		3B33E0CFBC2EBA74B4872A0A /* Pods-wComics.release.xcconfig */ = {isa = PBXFileReference; includeInIndex = 1; lastKnownFileType = text.xcconfig; name = "Pods-wComics.release.xcconfig"; path = "Pods/Target Support Files/Pods-wComics/Pods-wComics.release.xcconfig"; sourceTree = "<group>"; };
		4943CF44C9BE3CE70D51119B /* libPods-wComics.a */ = {isa = PBXFileReference; explicitFileType = archive.ar; includeInIndex = 0; path = "libPods-wComics.a"; sourceTree = BUILT_PRODUCTS_DIR; };
		AF149D9B2379FAA500CFF0C0 /* Launch Screen.storyboard */ = {isa = PBXFileReference; lastKnownFileType = file.storyboard; path = "Launch Screen.storyboard"; sourceTree = "<group>"; };
		AF449D4E1D5A931100A8EB23 /* Settings.bundle */ = {isa = PBXFileReference; lastKnownFileType = "wrapper.plug-in"; path = Settings.bundle; sourceTree = "<group>"; };
		AF9B6B6817A032570046F92A /* wComics.app */ = {isa = PBXFileReference; explicitFileType = wrapper.application; includeInIndex = 0; path = wComics.app; sourceTree = BUILT_PRODUCTS_DIR; };
		AF9B6B6B17A032570046F92A /* Foundation.framework */ = {isa = PBXFileReference; lastKnownFileType = wrapper.framework; name = Foundation.framework; path = System/Library/Frameworks/Foundation.framework; sourceTree = SDKROOT; };
		AF9B6B6D17A032570046F92A /* CoreGraphics.framework */ = {isa = PBXFileReference; lastKnownFileType = wrapper.framework; name = CoreGraphics.framework; path = System/Library/Frameworks/CoreGraphics.framework; sourceTree = SDKROOT; };
		AF9B6B6F17A032570046F92A /* UIKit.framework */ = {isa = PBXFileReference; lastKnownFileType = wrapper.framework; name = UIKit.framework; path = System/Library/Frameworks/UIKit.framework; sourceTree = SDKROOT; };
		AF9B6B7317A032570046F92A /* wComics-Info.plist */ = {isa = PBXFileReference; lastKnownFileType = text.plist.xml; path = "wComics-Info.plist"; sourceTree = "<group>"; };
		AF9B6B7717A032570046F92A /* main.m */ = {isa = PBXFileReference; lastKnownFileType = sourcecode.c.objc; path = main.m; sourceTree = "<group>"; };
		AF9B6B7A17A032570046F92A /* WCAppDelegate.h */ = {isa = PBXFileReference; lastKnownFileType = sourcecode.c.h; path = WCAppDelegate.h; sourceTree = "<group>"; };
		AF9B6B7B17A032570046F92A /* WCAppDelegate.m */ = {isa = PBXFileReference; lastKnownFileType = sourcecode.c.objc; path = WCAppDelegate.m; sourceTree = "<group>"; };
		AF9B6B9D17A032830046F92A /* WCComic.h */ = {isa = PBXFileReference; fileEncoding = 4; lastKnownFileType = sourcecode.c.h; path = WCComic.h; sourceTree = "<group>"; };
		AF9B6B9E17A032830046F92A /* WCComic.m */ = {isa = PBXFileReference; fileEncoding = 4; lastKnownFileType = sourcecode.c.objc; path = WCComic.m; sourceTree = "<group>"; };
		AF9B6BA217A0329C0046F92A /* WCInfoViewController.h */ = {isa = PBXFileReference; fileEncoding = 4; lastKnownFileType = sourcecode.c.h; path = WCInfoViewController.h; sourceTree = "<group>"; };
		AF9B6BA317A0329C0046F92A /* WCInfoViewController.m */ = {isa = PBXFileReference; fileEncoding = 4; lastKnownFileType = sourcecode.c.objc; path = WCInfoViewController.m; sourceTree = "<group>"; };
		AF9B6BA617A033A40046F92A /* WCItemCell.h */ = {isa = PBXFileReference; fileEncoding = 4; lastKnownFileType = sourcecode.c.h; path = WCItemCell.h; sourceTree = "<group>"; };
		AF9B6BA717A033A40046F92A /* WCItemCell.m */ = {isa = PBXFileReference; fileEncoding = 4; lastKnownFileType = sourcecode.c.objc; path = WCItemCell.m; sourceTree = "<group>"; };
		AF9B6BA817A033A40046F92A /* WCLibraryDataSource.h */ = {isa = PBXFileReference; fileEncoding = 4; lastKnownFileType = sourcecode.c.h; path = WCLibraryDataSource.h; sourceTree = "<group>"; };
		AF9B6BA917A033A40046F92A /* WCLibraryDataSource.m */ = {isa = PBXFileReference; fileEncoding = 4; lastKnownFileType = sourcecode.c.objc; path = WCLibraryDataSource.m; sourceTree = "<group>"; };
		AF9B6BAA17A033A40046F92A /* WCLibraryViewController.h */ = {isa = PBXFileReference; fileEncoding = 4; lastKnownFileType = sourcecode.c.h; path = WCLibraryViewController.h; sourceTree = "<group>"; };
		AF9B6BAB17A033A40046F92A /* WCLibraryViewController.m */ = {isa = PBXFileReference; fileEncoding = 4; lastKnownFileType = sourcecode.c.objc; path = WCLibraryViewController.m; sourceTree = "<group>"; };
		AF9B6BAD17A033A40046F92A /* WCServerViewController.h */ = {isa = PBXFileReference; fileEncoding = 4; lastKnownFileType = sourcecode.c.h; path = WCServerViewController.h; sourceTree = "<group>"; };
		AF9B6BAE17A033A40046F92A /* WCServerViewController.m */ = {isa = PBXFileReference; fileEncoding = 4; lastKnownFileType = sourcecode.c.objc; path = WCServerViewController.m; sourceTree = "<group>"; };
		AF9B6BAF17A033A40046F92A /* WCSettingsStorage.h */ = {isa = PBXFileReference; fileEncoding = 4; lastKnownFileType = sourcecode.c.h; path = WCSettingsStorage.h; sourceTree = "<group>"; };
		AF9B6BB017A033A40046F92A /* WCSettingsStorage.m */ = {isa = PBXFileReference; fileEncoding = 4; lastKnownFileType = sourcecode.c.objc; path = WCSettingsStorage.m; sourceTree = "<group>"; };
		AF9B6BB217A033A40046F92A /* WCScrollView.h */ = {isa = PBXFileReference; fileEncoding = 4; lastKnownFileType = sourcecode.c.h; path = WCScrollView.h; sourceTree = "<group>"; };
		AF9B6BB317A033A40046F92A /* WCScrollView.m */ = {isa = PBXFileReference; fileEncoding = 4; lastKnownFileType = sourcecode.c.objc; path = WCScrollView.m; sourceTree = "<group>"; };
		AF9B6BB417A033A40046F92A /* WCSliderToolbar.h */ = {isa = PBXFileReference; fileEncoding = 4; lastKnownFileType = sourcecode.c.h; path = WCSliderToolbar.h; sourceTree = "<group>"; };
		AF9B6BB517A033A40046F92A /* WCSliderToolbar.m */ = {isa = PBXFileReference; fileEncoding = 4; lastKnownFileType = sourcecode.c.objc; path = WCSliderToolbar.m; sourceTree = "<group>"; };
		AF9B6BB617A033A40046F92A /* WCViewerViewController.h */ = {isa = PBXFileReference; fileEncoding = 4; lastKnownFileType = sourcecode.c.h; path = WCViewerViewController.h; sourceTree = "<group>"; };
		AF9B6BB717A033A40046F92A /* WCViewerViewController.m */ = {isa = PBXFileReference; fileEncoding = 4; lastKnownFileType = sourcecode.c.objc; path = WCViewerViewController.m; sourceTree = "<group>"; };
		AF9B6BC217A033AE0046F92A /* en */ = {isa = PBXFileReference; lastKnownFileType = text.plist.strings; name = en; path = en.lproj/Localizable.strings; sourceTree = "<group>"; };
		AF9B6BC317A033AE0046F92A /* info.html */ = {isa = PBXFileReference; fileEncoding = 4; lastKnownFileType = text.html; path = info.html; sourceTree = "<group>"; };
		AF9B6BC417A033AE0046F92A /* ru */ = {isa = PBXFileReference; lastKnownFileType = text.plist.strings; name = ru; path = ru.lproj/Localizable.strings; sourceTree = "<group>"; };
		AFD1C78F1C2B7DBD00659B82 /* Images.xcassets */ = {isa = PBXFileReference; lastKnownFileType = folder.assetcatalog; path = Images.xcassets; sourceTree = "<group>"; };
		AFF055DF1A0A79C8002B5710 /* crypt.h */ = {isa = PBXFileReference; fileEncoding = 4; lastKnownFileType = sourcecode.c.h; path = crypt.h; sourceTree = "<group>"; };
		AFF055E01A0A79C8002B5710 /* ioapi.c */ = {isa = PBXFileReference; fileEncoding = 4; lastKnownFileType = sourcecode.c.c; path = ioapi.c; sourceTree = "<group>"; };
		AFF055E11A0A79C8002B5710 /* ioapi.h */ = {isa = PBXFileReference; fileEncoding = 4; lastKnownFileType = sourcecode.c.h; path = ioapi.h; sourceTree = "<group>"; };
		AFF055E21A0A79C8002B5710 /* mztools.c */ = {isa = PBXFileReference; fileEncoding = 4; lastKnownFileType = sourcecode.c.c; path = mztools.c; sourceTree = "<group>"; };
		AFF055E31A0A79C8002B5710 /* mztools.h */ = {isa = PBXFileReference; fileEncoding = 4; lastKnownFileType = sourcecode.c.h; path = mztools.h; sourceTree = "<group>"; };
		AFF055E41A0A79C8002B5710 /* unzip.c */ = {isa = PBXFileReference; fileEncoding = 4; lastKnownFileType = sourcecode.c.c; path = unzip.c; sourceTree = "<group>"; };
		AFF055E51A0A79C8002B5710 /* unzip.h */ = {isa = PBXFileReference; fileEncoding = 4; lastKnownFileType = sourcecode.c.h; path = unzip.h; sourceTree = "<group>"; };
		AFF055E61A0A79C8002B5710 /* zip.c */ = {isa = PBXFileReference; fileEncoding = 4; lastKnownFileType = sourcecode.c.c; path = zip.c; sourceTree = "<group>"; };
		AFF055E71A0A79C8002B5710 /* zip.h */ = {isa = PBXFileReference; fileEncoding = 4; lastKnownFileType = sourcecode.c.h; path = zip.h; sourceTree = "<group>"; };
		AFF055E91A0A79C8002B5710 /* arccmt.cpp */ = {isa = PBXFileReference; fileEncoding = 4; lastKnownFileType = sourcecode.cpp.cpp; path = arccmt.cpp; sourceTree = "<group>"; };
		AFF055EA1A0A79C8002B5710 /* archive.cpp */ = {isa = PBXFileReference; fileEncoding = 4; lastKnownFileType = sourcecode.cpp.cpp; path = archive.cpp; sourceTree = "<group>"; };
		AFF055EB1A0A79C8002B5710 /* archive.hpp */ = {isa = PBXFileReference; fileEncoding = 4; lastKnownFileType = sourcecode.cpp.h; path = archive.hpp; sourceTree = "<group>"; };
		AFF055EC1A0A79C8002B5710 /* arcread.cpp */ = {isa = PBXFileReference; fileEncoding = 4; lastKnownFileType = sourcecode.cpp.cpp; path = arcread.cpp; sourceTree = "<group>"; };
		AFF055ED1A0A79C8002B5710 /* array.hpp */ = {isa = PBXFileReference; fileEncoding = 4; lastKnownFileType = sourcecode.cpp.h; path = array.hpp; sourceTree = "<group>"; };
		AFF055EE1A0A79C8002B5710 /* beosea.cpp */ = {isa = PBXFileReference; fileEncoding = 4; lastKnownFileType = sourcecode.cpp.cpp; path = beosea.cpp; sourceTree = "<group>"; };
		AFF055EF1A0A79C8002B5710 /* cmddata.cpp */ = {isa = PBXFileReference; fileEncoding = 4; lastKnownFileType = sourcecode.cpp.cpp; path = cmddata.cpp; sourceTree = "<group>"; };
		AFF055F01A0A79C8002B5710 /* cmddata.hpp */ = {isa = PBXFileReference; fileEncoding = 4; lastKnownFileType = sourcecode.cpp.h; path = cmddata.hpp; sourceTree = "<group>"; };
		AFF055F11A0A79C8002B5710 /* coder.cpp */ = {isa = PBXFileReference; fileEncoding = 4; lastKnownFileType = sourcecode.cpp.cpp; path = coder.cpp; sourceTree = "<group>"; };
		AFF055F21A0A79C8002B5710 /* coder.hpp */ = {isa = PBXFileReference; fileEncoding = 4; lastKnownFileType = sourcecode.cpp.h; path = coder.hpp; sourceTree = "<group>"; };
		AFF055F31A0A79C8002B5710 /* compress.hpp */ = {isa = PBXFileReference; fileEncoding = 4; lastKnownFileType = sourcecode.cpp.h; path = compress.hpp; sourceTree = "<group>"; };
		AFF055F41A0A79C8002B5710 /* consio.cpp */ = {isa = PBXFileReference; fileEncoding = 4; lastKnownFileType = sourcecode.cpp.cpp; path = consio.cpp; sourceTree = "<group>"; };
		AFF055F51A0A79C8002B5710 /* consio.hpp */ = {isa = PBXFileReference; fileEncoding = 4; lastKnownFileType = sourcecode.cpp.h; path = consio.hpp; sourceTree = "<group>"; };
		AFF055F61A0A79C8002B5710 /* crc.cpp */ = {isa = PBXFileReference; fileEncoding = 4; lastKnownFileType = sourcecode.cpp.cpp; path = crc.cpp; sourceTree = "<group>"; };
		AFF055F71A0A79C8002B5710 /* crc.hpp */ = {isa = PBXFileReference; fileEncoding = 4; lastKnownFileType = sourcecode.cpp.h; path = crc.hpp; sourceTree = "<group>"; };
		AFF055F81A0A79C8002B5710 /* crypt.cpp */ = {isa = PBXFileReference; fileEncoding = 4; lastKnownFileType = sourcecode.cpp.cpp; path = crypt.cpp; sourceTree = "<group>"; };
		AFF055F91A0A79C8002B5710 /* crypt.hpp */ = {isa = PBXFileReference; fileEncoding = 4; lastKnownFileType = sourcecode.cpp.h; path = crypt.hpp; sourceTree = "<group>"; };
		AFF055FA1A0A79C8002B5710 /* dll.cpp */ = {isa = PBXFileReference; fileEncoding = 4; lastKnownFileType = sourcecode.cpp.cpp; path = dll.cpp; sourceTree = "<group>"; };
		AFF055FC1A0A79C8002B5710 /* dll.hpp */ = {isa = PBXFileReference; fileEncoding = 4; lastKnownFileType = sourcecode.cpp.h; path = dll.hpp; sourceTree = "<group>"; };
		AFF055FE1A0A79C8002B5710 /* encname.cpp */ = {isa = PBXFileReference; fileEncoding = 4; lastKnownFileType = sourcecode.cpp.cpp; path = encname.cpp; sourceTree = "<group>"; };
		AFF055FF1A0A79C8002B5710 /* encname.hpp */ = {isa = PBXFileReference; fileEncoding = 4; lastKnownFileType = sourcecode.cpp.h; path = encname.hpp; sourceTree = "<group>"; };
		AFF056001A0A79C8002B5710 /* errhnd.cpp */ = {isa = PBXFileReference; fileEncoding = 4; lastKnownFileType = sourcecode.cpp.cpp; path = errhnd.cpp; sourceTree = "<group>"; };
		AFF056011A0A79C8002B5710 /* errhnd.hpp */ = {isa = PBXFileReference; fileEncoding = 4; lastKnownFileType = sourcecode.cpp.h; path = errhnd.hpp; sourceTree = "<group>"; };
		AFF056021A0A79C8002B5710 /* extinfo.cpp */ = {isa = PBXFileReference; fileEncoding = 4; lastKnownFileType = sourcecode.cpp.cpp; path = extinfo.cpp; sourceTree = "<group>"; };
		AFF056031A0A79C8002B5710 /* extinfo.hpp */ = {isa = PBXFileReference; fileEncoding = 4; lastKnownFileType = sourcecode.cpp.h; path = extinfo.hpp; sourceTree = "<group>"; };
		AFF056041A0A79C8002B5710 /* extract.cpp */ = {isa = PBXFileReference; fileEncoding = 4; lastKnownFileType = sourcecode.cpp.cpp; path = extract.cpp; sourceTree = "<group>"; };
		AFF056051A0A79C8002B5710 /* extract.hpp */ = {isa = PBXFileReference; fileEncoding = 4; lastKnownFileType = sourcecode.cpp.h; path = extract.hpp; sourceTree = "<group>"; };
		AFF056061A0A79C8002B5710 /* filcreat.cpp */ = {isa = PBXFileReference; fileEncoding = 4; lastKnownFileType = sourcecode.cpp.cpp; path = filcreat.cpp; sourceTree = "<group>"; };
		AFF056071A0A79C8002B5710 /* filcreat.hpp */ = {isa = PBXFileReference; fileEncoding = 4; lastKnownFileType = sourcecode.cpp.h; path = filcreat.hpp; sourceTree = "<group>"; };
		AFF056081A0A79C8002B5710 /* file.cpp */ = {isa = PBXFileReference; fileEncoding = 4; lastKnownFileType = sourcecode.cpp.cpp; path = file.cpp; sourceTree = "<group>"; };
		AFF056091A0A79C8002B5710 /* file.hpp */ = {isa = PBXFileReference; fileEncoding = 4; lastKnownFileType = sourcecode.cpp.h; path = file.hpp; sourceTree = "<group>"; };
		AFF0560A1A0A79C8002B5710 /* filefn.cpp */ = {isa = PBXFileReference; fileEncoding = 4; lastKnownFileType = sourcecode.cpp.cpp; path = filefn.cpp; sourceTree = "<group>"; };
		AFF0560B1A0A79C8002B5710 /* filefn.hpp */ = {isa = PBXFileReference; fileEncoding = 4; lastKnownFileType = sourcecode.cpp.h; path = filefn.hpp; sourceTree = "<group>"; };
		AFF0560C1A0A79C8002B5710 /* filestr.cpp */ = {isa = PBXFileReference; fileEncoding = 4; lastKnownFileType = sourcecode.cpp.cpp; path = filestr.cpp; sourceTree = "<group>"; };
		AFF0560D1A0A79C8002B5710 /* filestr.hpp */ = {isa = PBXFileReference; fileEncoding = 4; lastKnownFileType = sourcecode.cpp.h; path = filestr.hpp; sourceTree = "<group>"; };
		AFF0560E1A0A79C8002B5710 /* find.cpp */ = {isa = PBXFileReference; fileEncoding = 4; lastKnownFileType = sourcecode.cpp.cpp; path = find.cpp; sourceTree = "<group>"; };
		AFF0560F1A0A79C8002B5710 /* find.hpp */ = {isa = PBXFileReference; fileEncoding = 4; lastKnownFileType = sourcecode.cpp.h; path = find.hpp; sourceTree = "<group>"; };
		AFF056101A0A79C8002B5710 /* getbits.cpp */ = {isa = PBXFileReference; fileEncoding = 4; lastKnownFileType = sourcecode.cpp.cpp; path = getbits.cpp; sourceTree = "<group>"; };
		AFF056111A0A79C8002B5710 /* getbits.hpp */ = {isa = PBXFileReference; fileEncoding = 4; lastKnownFileType = sourcecode.cpp.h; path = getbits.hpp; sourceTree = "<group>"; };
		AFF056121A0A79C8002B5710 /* global.cpp */ = {isa = PBXFileReference; fileEncoding = 4; lastKnownFileType = sourcecode.cpp.cpp; path = global.cpp; sourceTree = "<group>"; };
		AFF056131A0A79C8002B5710 /* global.hpp */ = {isa = PBXFileReference; fileEncoding = 4; lastKnownFileType = sourcecode.cpp.h; path = global.hpp; sourceTree = "<group>"; };
		AFF056141A0A79C8002B5710 /* headers.hpp */ = {isa = PBXFileReference; fileEncoding = 4; lastKnownFileType = sourcecode.cpp.h; path = headers.hpp; sourceTree = "<group>"; };
		AFF056151A0A79C8002B5710 /* isnt.cpp */ = {isa = PBXFileReference; fileEncoding = 4; lastKnownFileType = sourcecode.cpp.cpp; path = isnt.cpp; sourceTree = "<group>"; };
		AFF056161A0A79C8002B5710 /* isnt.hpp */ = {isa = PBXFileReference; fileEncoding = 4; lastKnownFileType = sourcecode.cpp.h; path = isnt.hpp; sourceTree = "<group>"; };
		AFF056181A0A79C8002B5710 /* list.cpp */ = {isa = PBXFileReference; fileEncoding = 4; lastKnownFileType = sourcecode.cpp.cpp; path = list.cpp; sourceTree = "<group>"; };
		AFF056191A0A79C8002B5710 /* list.hpp */ = {isa = PBXFileReference; fileEncoding = 4; lastKnownFileType = sourcecode.cpp.h; path = list.hpp; sourceTree = "<group>"; };
		AFF0561A1A0A79C8002B5710 /* loclang.hpp */ = {isa = PBXFileReference; fileEncoding = 4; lastKnownFileType = sourcecode.cpp.h; path = loclang.hpp; sourceTree = "<group>"; };
		AFF0561B1A0A79C8002B5710 /* log.cpp */ = {isa = PBXFileReference; fileEncoding = 4; lastKnownFileType = sourcecode.cpp.cpp; path = log.cpp; sourceTree = "<group>"; };
		AFF0561C1A0A79C8002B5710 /* log.hpp */ = {isa = PBXFileReference; fileEncoding = 4; lastKnownFileType = sourcecode.cpp.h; path = log.hpp; sourceTree = "<group>"; };
		AFF056221A0A79C8002B5710 /* match.cpp */ = {isa = PBXFileReference; fileEncoding = 4; lastKnownFileType = sourcecode.cpp.cpp; path = match.cpp; sourceTree = "<group>"; };
		AFF056231A0A79C8002B5710 /* match.hpp */ = {isa = PBXFileReference; fileEncoding = 4; lastKnownFileType = sourcecode.cpp.h; path = match.hpp; sourceTree = "<group>"; };
		AFF056241A0A79C8002B5710 /* model.cpp */ = {isa = PBXFileReference; fileEncoding = 4; lastKnownFileType = sourcecode.cpp.cpp; path = model.cpp; sourceTree = "<group>"; };
		AFF056251A0A79C8002B5710 /* model.hpp */ = {isa = PBXFileReference; fileEncoding = 4; lastKnownFileType = sourcecode.cpp.h; path = model.hpp; sourceTree = "<group>"; };
		AFF056271A0A79C8002B5710 /* options.cpp */ = {isa = PBXFileReference; fileEncoding = 4; lastKnownFileType = sourcecode.cpp.cpp; path = options.cpp; sourceTree = "<group>"; };
		AFF056281A0A79C8002B5710 /* options.hpp */ = {isa = PBXFileReference; fileEncoding = 4; lastKnownFileType = sourcecode.cpp.h; path = options.hpp; sourceTree = "<group>"; };
		AFF056291A0A79C8002B5710 /* os.hpp */ = {isa = PBXFileReference; fileEncoding = 4; lastKnownFileType = sourcecode.cpp.h; path = os.hpp; sourceTree = "<group>"; };
		AFF0562A1A0A79C8002B5710 /* os2ea.cpp */ = {isa = PBXFileReference; fileEncoding = 4; lastKnownFileType = sourcecode.cpp.cpp; path = os2ea.cpp; sourceTree = "<group>"; };
		AFF0562B1A0A79C8002B5710 /* pathfn.cpp */ = {isa = PBXFileReference; fileEncoding = 4; lastKnownFileType = sourcecode.cpp.cpp; path = pathfn.cpp; sourceTree = "<group>"; };
		AFF0562C1A0A79C8002B5710 /* pathfn.hpp */ = {isa = PBXFileReference; fileEncoding = 4; lastKnownFileType = sourcecode.cpp.h; path = pathfn.hpp; sourceTree = "<group>"; };
		AFF0562D1A0A79C8002B5710 /* rar.cpp */ = {isa = PBXFileReference; fileEncoding = 4; lastKnownFileType = sourcecode.cpp.cpp; path = rar.cpp; sourceTree = "<group>"; };
		AFF0562E1A0A79C8002B5710 /* rar.hpp */ = {isa = PBXFileReference; fileEncoding = 4; lastKnownFileType = sourcecode.cpp.h; path = rar.hpp; sourceTree = "<group>"; };
		AFF0562F1A0A79C8002B5710 /* rardefs.hpp */ = {isa = PBXFileReference; fileEncoding = 4; lastKnownFileType = sourcecode.cpp.h; path = rardefs.hpp; sourceTree = "<group>"; };
		AFF056301A0A79C8002B5710 /* rarlang.hpp */ = {isa = PBXFileReference; fileEncoding = 4; lastKnownFileType = sourcecode.cpp.h; path = rarlang.hpp; sourceTree = "<group>"; };
		AFF056311A0A79C8002B5710 /* raros.hpp */ = {isa = PBXFileReference; fileEncoding = 4; lastKnownFileType = sourcecode.cpp.h; path = raros.hpp; sourceTree = "<group>"; };
		AFF056321A0A79C8002B5710 /* rarpch.cpp */ = {isa = PBXFileReference; fileEncoding = 4; lastKnownFileType = sourcecode.cpp.cpp; path = rarpch.cpp; sourceTree = "<group>"; };
		AFF056331A0A79C8002B5710 /* rartypes.hpp */ = {isa = PBXFileReference; fileEncoding = 4; lastKnownFileType = sourcecode.cpp.h; path = rartypes.hpp; sourceTree = "<group>"; };
		AFF056341A0A79C8002B5710 /* rarvm.cpp */ = {isa = PBXFileReference; fileEncoding = 4; lastKnownFileType = sourcecode.cpp.cpp; path = rarvm.cpp; sourceTree = "<group>"; };
		AFF056351A0A79C8002B5710 /* rarvm.hpp */ = {isa = PBXFileReference; fileEncoding = 4; lastKnownFileType = sourcecode.cpp.h; path = rarvm.hpp; sourceTree = "<group>"; };
		AFF056361A0A79C8002B5710 /* rarvmtbl.cpp */ = {isa = PBXFileReference; fileEncoding = 4; lastKnownFileType = sourcecode.cpp.cpp; path = rarvmtbl.cpp; sourceTree = "<group>"; };
		AFF056371A0A79C8002B5710 /* rawread.cpp */ = {isa = PBXFileReference; fileEncoding = 4; lastKnownFileType = sourcecode.cpp.cpp; path = rawread.cpp; sourceTree = "<group>"; };
		AFF056381A0A79C8002B5710 /* rawread.hpp */ = {isa = PBXFileReference; fileEncoding = 4; lastKnownFileType = sourcecode.cpp.h; path = rawread.hpp; sourceTree = "<group>"; };
		AFF056391A0A79C8002B5710 /* rdwrfn.cpp */ = {isa = PBXFileReference; fileEncoding = 4; lastKnownFileType = sourcecode.cpp.cpp; path = rdwrfn.cpp; sourceTree = "<group>"; };
		AFF0563A1A0A79C8002B5710 /* rdwrfn.hpp */ = {isa = PBXFileReference; fileEncoding = 4; lastKnownFileType = sourcecode.cpp.h; path = rdwrfn.hpp; sourceTree = "<group>"; };
		AFF0563C1A0A79C8002B5710 /* recvol.cpp */ = {isa = PBXFileReference; fileEncoding = 4; lastKnownFileType = sourcecode.cpp.cpp; path = recvol.cpp; sourceTree = "<group>"; };
		AFF0563D1A0A79C8002B5710 /* recvol.hpp */ = {isa = PBXFileReference; fileEncoding = 4; lastKnownFileType = sourcecode.cpp.h; path = recvol.hpp; sourceTree = "<group>"; };
		AFF0563E1A0A79C8002B5710 /* resource.cpp */ = {isa = PBXFileReference; fileEncoding = 4; lastKnownFileType = sourcecode.cpp.cpp; path = resource.cpp; sourceTree = "<group>"; };
		AFF0563F1A0A79C8002B5710 /* resource.hpp */ = {isa = PBXFileReference; fileEncoding = 4; lastKnownFileType = sourcecode.cpp.h; path = resource.hpp; sourceTree = "<group>"; };
		AFF056401A0A79C8002B5710 /* rijndael.cpp */ = {isa = PBXFileReference; fileEncoding = 4; lastKnownFileType = sourcecode.cpp.cpp; path = rijndael.cpp; sourceTree = "<group>"; };
		AFF056411A0A79C8002B5710 /* rijndael.hpp */ = {isa = PBXFileReference; fileEncoding = 4; lastKnownFileType = sourcecode.cpp.h; path = rijndael.hpp; sourceTree = "<group>"; };
		AFF056421A0A79C8002B5710 /* rs.cpp */ = {isa = PBXFileReference; fileEncoding = 4; lastKnownFileType = sourcecode.cpp.cpp; path = rs.cpp; sourceTree = "<group>"; };
		AFF056431A0A79C8002B5710 /* rs.hpp */ = {isa = PBXFileReference; fileEncoding = 4; lastKnownFileType = sourcecode.cpp.h; path = rs.hpp; sourceTree = "<group>"; };
		AFF056441A0A79C8002B5710 /* savepos.cpp */ = {isa = PBXFileReference; fileEncoding = 4; lastKnownFileType = sourcecode.cpp.cpp; path = savepos.cpp; sourceTree = "<group>"; };
		AFF056451A0A79C8002B5710 /* savepos.hpp */ = {isa = PBXFileReference; fileEncoding = 4; lastKnownFileType = sourcecode.cpp.h; path = savepos.hpp; sourceTree = "<group>"; };
		AFF056461A0A79C8002B5710 /* scantree.cpp */ = {isa = PBXFileReference; fileEncoding = 4; lastKnownFileType = sourcecode.cpp.cpp; path = scantree.cpp; sourceTree = "<group>"; };
		AFF056471A0A79C8002B5710 /* scantree.hpp */ = {isa = PBXFileReference; fileEncoding = 4; lastKnownFileType = sourcecode.cpp.h; path = scantree.hpp; sourceTree = "<group>"; };
		AFF056481A0A79C8002B5710 /* sha1.cpp */ = {isa = PBXFileReference; fileEncoding = 4; lastKnownFileType = sourcecode.cpp.cpp; path = sha1.cpp; sourceTree = "<group>"; };
		AFF056491A0A79C8002B5710 /* sha1.hpp */ = {isa = PBXFileReference; fileEncoding = 4; lastKnownFileType = sourcecode.cpp.h; path = sha1.hpp; sourceTree = "<group>"; };
		AFF0564A1A0A79C8002B5710 /* smallfn.cpp */ = {isa = PBXFileReference; fileEncoding = 4; lastKnownFileType = sourcecode.cpp.cpp; path = smallfn.cpp; sourceTree = "<group>"; };
		AFF0564B1A0A79C8002B5710 /* smallfn.hpp */ = {isa = PBXFileReference; fileEncoding = 4; lastKnownFileType = sourcecode.cpp.h; path = smallfn.hpp; sourceTree = "<group>"; };
		AFF0564C1A0A79C8002B5710 /* strfn.cpp */ = {isa = PBXFileReference; fileEncoding = 4; lastKnownFileType = sourcecode.cpp.cpp; path = strfn.cpp; sourceTree = "<group>"; };
		AFF0564D1A0A79C8002B5710 /* strfn.hpp */ = {isa = PBXFileReference; fileEncoding = 4; lastKnownFileType = sourcecode.cpp.h; path = strfn.hpp; sourceTree = "<group>"; };
		AFF0564E1A0A79C8002B5710 /* strlist.cpp */ = {isa = PBXFileReference; fileEncoding = 4; lastKnownFileType = sourcecode.cpp.cpp; path = strlist.cpp; sourceTree = "<group>"; };
		AFF0564F1A0A79C8002B5710 /* strlist.hpp */ = {isa = PBXFileReference; fileEncoding = 4; lastKnownFileType = sourcecode.cpp.h; path = strlist.hpp; sourceTree = "<group>"; };
		AFF056501A0A79C8002B5710 /* suballoc.cpp */ = {isa = PBXFileReference; fileEncoding = 4; lastKnownFileType = sourcecode.cpp.cpp; path = suballoc.cpp; sourceTree = "<group>"; };
		AFF056511A0A79C8002B5710 /* suballoc.hpp */ = {isa = PBXFileReference; fileEncoding = 4; lastKnownFileType = sourcecode.cpp.h; path = suballoc.hpp; sourceTree = "<group>"; };
		AFF056521A0A79C8002B5710 /* system.cpp */ = {isa = PBXFileReference; fileEncoding = 4; lastKnownFileType = sourcecode.cpp.cpp; path = system.cpp; sourceTree = "<group>"; };
		AFF056531A0A79C8002B5710 /* system.hpp */ = {isa = PBXFileReference; fileEncoding = 4; lastKnownFileType = sourcecode.cpp.h; path = system.hpp; sourceTree = "<group>"; };
		AFF056541A0A79C8002B5710 /* timefn.cpp */ = {isa = PBXFileReference; fileEncoding = 4; lastKnownFileType = sourcecode.cpp.cpp; path = timefn.cpp; sourceTree = "<group>"; };
		AFF056551A0A79C8002B5710 /* timefn.hpp */ = {isa = PBXFileReference; fileEncoding = 4; lastKnownFileType = sourcecode.cpp.h; path = timefn.hpp; sourceTree = "<group>"; };
		AFF056561A0A79C8002B5710 /* ulinks.cpp */ = {isa = PBXFileReference; fileEncoding = 4; lastKnownFileType = sourcecode.cpp.cpp; path = ulinks.cpp; sourceTree = "<group>"; };
		AFF056571A0A79C8002B5710 /* ulinks.hpp */ = {isa = PBXFileReference; fileEncoding = 4; lastKnownFileType = sourcecode.cpp.h; path = ulinks.hpp; sourceTree = "<group>"; };
		AFF056581A0A79C8002B5710 /* unicode.cpp */ = {isa = PBXFileReference; fileEncoding = 4; lastKnownFileType = sourcecode.cpp.cpp; path = unicode.cpp; sourceTree = "<group>"; };
		AFF056591A0A79C8002B5710 /* unicode.hpp */ = {isa = PBXFileReference; fileEncoding = 4; lastKnownFileType = sourcecode.cpp.h; path = unicode.hpp; sourceTree = "<group>"; };
		AFF0565A1A0A79C8002B5710 /* unios2.cpp */ = {isa = PBXFileReference; fileEncoding = 4; lastKnownFileType = sourcecode.cpp.cpp; path = unios2.cpp; sourceTree = "<group>"; };
		AFF0565B1A0A79C8002B5710 /* unpack.cpp */ = {isa = PBXFileReference; fileEncoding = 4; lastKnownFileType = sourcecode.cpp.cpp; path = unpack.cpp; sourceTree = "<group>"; };
		AFF0565C1A0A79C8002B5710 /* unpack.hpp */ = {isa = PBXFileReference; fileEncoding = 4; lastKnownFileType = sourcecode.cpp.h; path = unpack.hpp; sourceTree = "<group>"; };
		AFF0565D1A0A79C8002B5710 /* unpack15.cpp */ = {isa = PBXFileReference; fileEncoding = 4; lastKnownFileType = sourcecode.cpp.cpp; path = unpack15.cpp; sourceTree = "<group>"; };
		AFF0565E1A0A79C8002B5710 /* unpack20.cpp */ = {isa = PBXFileReference; fileEncoding = 4; lastKnownFileType = sourcecode.cpp.cpp; path = unpack20.cpp; sourceTree = "<group>"; };
		AFF056611A0A79C8002B5710 /* uowners.cpp */ = {isa = PBXFileReference; fileEncoding = 4; lastKnownFileType = sourcecode.cpp.cpp; path = uowners.cpp; sourceTree = "<group>"; };
		AFF056621A0A79C8002B5710 /* version.hpp */ = {isa = PBXFileReference; fileEncoding = 4; lastKnownFileType = sourcecode.cpp.h; path = version.hpp; sourceTree = "<group>"; };
		AFF056631A0A79C8002B5710 /* volume.cpp */ = {isa = PBXFileReference; fileEncoding = 4; lastKnownFileType = sourcecode.cpp.cpp; path = volume.cpp; sourceTree = "<group>"; };
		AFF056641A0A79C8002B5710 /* volume.hpp */ = {isa = PBXFileReference; fileEncoding = 4; lastKnownFileType = sourcecode.cpp.h; path = volume.hpp; sourceTree = "<group>"; };
		AFF056651A0A79C8002B5710 /* win32acl.cpp */ = {isa = PBXFileReference; fileEncoding = 4; lastKnownFileType = sourcecode.cpp.cpp; path = win32acl.cpp; sourceTree = "<group>"; };
		AFF056661A0A79C8002B5710 /* win32stm.cpp */ = {isa = PBXFileReference; fileEncoding = 4; lastKnownFileType = sourcecode.cpp.cpp; path = win32stm.cpp; sourceTree = "<group>"; };
		AFF056B11A0A7B02002B5710 /* Common.h */ = {isa = PBXFileReference; lastKnownFileType = sourcecode.c.h; path = Common.h; sourceTree = "<group>"; };
		AFF056B21A0A7C2B002B5710 /* MiniZip.h */ = {isa = PBXFileReference; fileEncoding = 4; lastKnownFileType = sourcecode.c.h; path = MiniZip.h; sourceTree = "<group>"; };
		AFF056B31A0A7C2B002B5710 /* MiniZip.m */ = {isa = PBXFileReference; fileEncoding = 4; lastKnownFileType = sourcecode.c.objc; path = MiniZip.m; sourceTree = "<group>"; };
		AFF056B41A0A7C2B002B5710 /* UnRAR.h */ = {isa = PBXFileReference; fileEncoding = 4; lastKnownFileType = sourcecode.c.h; path = UnRAR.h; sourceTree = "<group>"; };
		AFF056B51A0A7C2B002B5710 /* UnRAR.m */ = {isa = PBXFileReference; fileEncoding = 4; lastKnownFileType = sourcecode.c.objc; path = UnRAR.m; sourceTree = "<group>"; };
		B46BA5E493B5872BF66DA194 /* Pods-wComics.debug.xcconfig */ = {isa = PBXFileReference; includeInIndex = 1; lastKnownFileType = text.xcconfig; name = "Pods-wComics.debug.xcconfig"; path = "Pods/Target Support Files/Pods-wComics/Pods-wComics.debug.xcconfig"; sourceTree = "<group>"; };
/* End PBXFileReference section */

/* Begin PBXFrameworksBuildPhase section */
		AF9B6B6517A032570046F92A /* Frameworks */ = {
			isa = PBXFrameworksBuildPhase;
			buildActionMask = 2147483647;
			files = (
				AF9B6B6E17A032570046F92A /* CoreGraphics.framework in Frameworks */,
				AF9B6B7017A032570046F92A /* UIKit.framework in Frameworks */,
				AF9B6B6C17A032570046F92A /* Foundation.framework in Frameworks */,
				CA97EF6AA852823D5F7FD7FE /* libPods-wComics.a in Frameworks */,
			);
			runOnlyForDeploymentPostprocessing = 0;
		};
/* End PBXFrameworksBuildPhase section */

/* Begin PBXGroup section */
		319A4615FEFBEA6F8D0858C8 /* Pods */ = {
			isa = PBXGroup;
			children = (
				B46BA5E493B5872BF66DA194 /* Pods-wComics.debug.xcconfig */,
				3B33E0CFBC2EBA74B4872A0A /* Pods-wComics.release.xcconfig */,
			);
			name = Pods;
			sourceTree = "<group>";
		};
		AF9B6B5F17A032570046F92A = {
			isa = PBXGroup;
			children = (
				AF9B6B9A17A032830046F92A /* Comic */,
				AF9B6BA117A0329C0046F92A /* Info */,
				AFF055DD1A0A79C8002B5710 /* Libraries */,
				AF9B6BA517A033A40046F92A /* Library */,
				AF9B6BAC17A033A40046F92A /* Settings */,
				AF9B6BB117A033A40046F92A /* Viewer */,
				AF9B6B7117A032570046F92A /* wComics */,
				AF9B6BC017A033AE0046F92A /* Resources */,
				AF9B6B6A17A032570046F92A /* Frameworks */,
				AF9B6B6917A032570046F92A /* Products */,
				319A4615FEFBEA6F8D0858C8 /* Pods */,
			);
			sourceTree = "<group>";
		};
		AF9B6B6917A032570046F92A /* Products */ = {
			isa = PBXGroup;
			children = (
				AF9B6B6817A032570046F92A /* wComics.app */,
			);
			name = Products;
			sourceTree = "<group>";
		};
		AF9B6B6A17A032570046F92A /* Frameworks */ = {
			isa = PBXGroup;
			children = (
				AF9B6B6D17A032570046F92A /* CoreGraphics.framework */,
				AF9B6B6B17A032570046F92A /* Foundation.framework */,
				AF9B6B6F17A032570046F92A /* UIKit.framework */,
				4943CF44C9BE3CE70D51119B /* libPods-wComics.a */,
			);
			name = Frameworks;
			sourceTree = "<group>";
		};
		AF9B6B7117A032570046F92A /* wComics */ = {
			isa = PBXGroup;
			children = (
				AF9B6B7217A032570046F92A /* Supporting Files */,
				AF9B6B7A17A032570046F92A /* WCAppDelegate.h */,
				AF9B6B7B17A032570046F92A /* WCAppDelegate.m */,
			);
			path = wComics;
			sourceTree = "<group>";
		};
		AF9B6B7217A032570046F92A /* Supporting Files */ = {
			isa = PBXGroup;
			children = (
				AF9B6B7717A032570046F92A /* main.m */,
				AF9B6B7317A032570046F92A /* wComics-Info.plist */,
				AFF056B11A0A7B02002B5710 /* Common.h */,
			);
			name = "Supporting Files";
			sourceTree = "<group>";
		};
		AF9B6B9A17A032830046F92A /* Comic */ = {
			isa = PBXGroup;
			children = (
				AFF056B21A0A7C2B002B5710 /* MiniZip.h */,
				AFF056B31A0A7C2B002B5710 /* MiniZip.m */,
				AFF056B41A0A7C2B002B5710 /* UnRAR.h */,
				AFF056B51A0A7C2B002B5710 /* UnRAR.m */,
				AF9B6B9D17A032830046F92A /* WCComic.h */,
				AF9B6B9E17A032830046F92A /* WCComic.m */,
			);
			path = Comic;
			sourceTree = "<group>";
		};
		AF9B6BA117A0329C0046F92A /* Info */ = {
			isa = PBXGroup;
			children = (
				AF9B6BA217A0329C0046F92A /* WCInfoViewController.h */,
				AF9B6BA317A0329C0046F92A /* WCInfoViewController.m */,
			);
			path = Info;
			sourceTree = "<group>";
		};
		AF9B6BA517A033A40046F92A /* Library */ = {
			isa = PBXGroup;
			children = (
				AF9B6BA617A033A40046F92A /* WCItemCell.h */,
				AF9B6BA717A033A40046F92A /* WCItemCell.m */,
				AF9B6BA817A033A40046F92A /* WCLibraryDataSource.h */,
				AF9B6BA917A033A40046F92A /* WCLibraryDataSource.m */,
				AF9B6BAA17A033A40046F92A /* WCLibraryViewController.h */,
				AF9B6BAB17A033A40046F92A /* WCLibraryViewController.m */,
			);
			path = Library;
			sourceTree = SOURCE_ROOT;
		};
		AF9B6BAC17A033A40046F92A /* Settings */ = {
			isa = PBXGroup;
			children = (
				AF9B6BAD17A033A40046F92A /* WCServerViewController.h */,
				AF9B6BAE17A033A40046F92A /* WCServerViewController.m */,
				AF9B6BAF17A033A40046F92A /* WCSettingsStorage.h */,
				AF9B6BB017A033A40046F92A /* WCSettingsStorage.m */,
			);
			path = Settings;
			sourceTree = SOURCE_ROOT;
		};
		AF9B6BB117A033A40046F92A /* Viewer */ = {
			isa = PBXGroup;
			children = (
				AF9B6BB217A033A40046F92A /* WCScrollView.h */,
				AF9B6BB317A033A40046F92A /* WCScrollView.m */,
				AF9B6BB417A033A40046F92A /* WCSliderToolbar.h */,
				AF9B6BB517A033A40046F92A /* WCSliderToolbar.m */,
				AF9B6BB617A033A40046F92A /* WCViewerViewController.h */,
				AF9B6BB717A033A40046F92A /* WCViewerViewController.m */,
			);
			path = Viewer;
			sourceTree = SOURCE_ROOT;
		};
		AF9B6BC017A033AE0046F92A /* Resources */ = {
			isa = PBXGroup;
			children = (
				AFD1C78F1C2B7DBD00659B82 /* Images.xcassets */,
				AF9B6BC317A033AE0046F92A /* info.html */,
				AF9B6BC117A033AE0046F92A /* Localizable.strings */,
				AF449D4E1D5A931100A8EB23 /* Settings.bundle */,
				AF149D9B2379FAA500CFF0C0 /* Launch Screen.storyboard */,
			);
			path = Resources;
			sourceTree = "<group>";
		};
		AFF055DD1A0A79C8002B5710 /* Libraries */ = {
			isa = PBXGroup;
			children = (
				AFF055DE1A0A79C8002B5710 /* Minizip-1.1 */,
				AFF055E81A0A79C8002B5710 /* UnRAR-3.9.10 */,
			);
			path = Libraries;
			sourceTree = "<group>";
		};
		AFF055DE1A0A79C8002B5710 /* Minizip-1.1 */ = {
			isa = PBXGroup;
			children = (
				AFF055DF1A0A79C8002B5710 /* crypt.h */,
				AFF055E01A0A79C8002B5710 /* ioapi.c */,
				AFF055E11A0A79C8002B5710 /* ioapi.h */,
				AFF055E21A0A79C8002B5710 /* mztools.c */,
				AFF055E31A0A79C8002B5710 /* mztools.h */,
				AFF055E41A0A79C8002B5710 /* unzip.c */,
				AFF055E51A0A79C8002B5710 /* unzip.h */,
				AFF055E61A0A79C8002B5710 /* zip.c */,
				AFF055E71A0A79C8002B5710 /* zip.h */,
			);
			path = "Minizip-1.1";
			sourceTree = "<group>";
		};
		AFF055E81A0A79C8002B5710 /* UnRAR-3.9.10 */ = {
			isa = PBXGroup;
			children = (
				AFF055E91A0A79C8002B5710 /* arccmt.cpp */,
				AFF055EA1A0A79C8002B5710 /* archive.cpp */,
				AFF055EB1A0A79C8002B5710 /* archive.hpp */,
				AFF055EC1A0A79C8002B5710 /* arcread.cpp */,
				AFF055ED1A0A79C8002B5710 /* array.hpp */,
				AFF055EE1A0A79C8002B5710 /* beosea.cpp */,
				AFF055EF1A0A79C8002B5710 /* cmddata.cpp */,
				AFF055F01A0A79C8002B5710 /* cmddata.hpp */,
				AFF055F11A0A79C8002B5710 /* coder.cpp */,
				AFF055F21A0A79C8002B5710 /* coder.hpp */,
				AFF055F31A0A79C8002B5710 /* compress.hpp */,
				AFF055F41A0A79C8002B5710 /* consio.cpp */,
				AFF055F51A0A79C8002B5710 /* consio.hpp */,
				AFF055F61A0A79C8002B5710 /* crc.cpp */,
				AFF055F71A0A79C8002B5710 /* crc.hpp */,
				AFF055F81A0A79C8002B5710 /* crypt.cpp */,
				AFF055F91A0A79C8002B5710 /* crypt.hpp */,
				AFF055FA1A0A79C8002B5710 /* dll.cpp */,
				AFF055FC1A0A79C8002B5710 /* dll.hpp */,
				AFF055FE1A0A79C8002B5710 /* encname.cpp */,
				AFF055FF1A0A79C8002B5710 /* encname.hpp */,
				AFF056001A0A79C8002B5710 /* errhnd.cpp */,
				AFF056011A0A79C8002B5710 /* errhnd.hpp */,
				AFF056021A0A79C8002B5710 /* extinfo.cpp */,
				AFF056031A0A79C8002B5710 /* extinfo.hpp */,
				AFF056041A0A79C8002B5710 /* extract.cpp */,
				AFF056051A0A79C8002B5710 /* extract.hpp */,
				AFF056061A0A79C8002B5710 /* filcreat.cpp */,
				AFF056071A0A79C8002B5710 /* filcreat.hpp */,
				AFF056081A0A79C8002B5710 /* file.cpp */,
				AFF056091A0A79C8002B5710 /* file.hpp */,
				AFF0560A1A0A79C8002B5710 /* filefn.cpp */,
				AFF0560B1A0A79C8002B5710 /* filefn.hpp */,
				AFF0560C1A0A79C8002B5710 /* filestr.cpp */,
				AFF0560D1A0A79C8002B5710 /* filestr.hpp */,
				AFF0560E1A0A79C8002B5710 /* find.cpp */,
				AFF0560F1A0A79C8002B5710 /* find.hpp */,
				AFF056101A0A79C8002B5710 /* getbits.cpp */,
				AFF056111A0A79C8002B5710 /* getbits.hpp */,
				AFF056121A0A79C8002B5710 /* global.cpp */,
				AFF056131A0A79C8002B5710 /* global.hpp */,
				AFF056141A0A79C8002B5710 /* headers.hpp */,
				AFF056151A0A79C8002B5710 /* isnt.cpp */,
				AFF056161A0A79C8002B5710 /* isnt.hpp */,
				AFF056181A0A79C8002B5710 /* list.cpp */,
				AFF056191A0A79C8002B5710 /* list.hpp */,
				AFF0561A1A0A79C8002B5710 /* loclang.hpp */,
				AFF0561B1A0A79C8002B5710 /* log.cpp */,
				AFF0561C1A0A79C8002B5710 /* log.hpp */,
				AFF056221A0A79C8002B5710 /* match.cpp */,
				AFF056231A0A79C8002B5710 /* match.hpp */,
				AFF056241A0A79C8002B5710 /* model.cpp */,
				AFF056251A0A79C8002B5710 /* model.hpp */,
				AFF056271A0A79C8002B5710 /* options.cpp */,
				AFF056281A0A79C8002B5710 /* options.hpp */,
				AFF056291A0A79C8002B5710 /* os.hpp */,
				AFF0562A1A0A79C8002B5710 /* os2ea.cpp */,
				AFF0562B1A0A79C8002B5710 /* pathfn.cpp */,
				AFF0562C1A0A79C8002B5710 /* pathfn.hpp */,
				AFF0562D1A0A79C8002B5710 /* rar.cpp */,
				AFF0562E1A0A79C8002B5710 /* rar.hpp */,
				AFF0562F1A0A79C8002B5710 /* rardefs.hpp */,
				AFF056301A0A79C8002B5710 /* rarlang.hpp */,
				AFF056311A0A79C8002B5710 /* raros.hpp */,
				AFF056321A0A79C8002B5710 /* rarpch.cpp */,
				AFF056331A0A79C8002B5710 /* rartypes.hpp */,
				AFF056341A0A79C8002B5710 /* rarvm.cpp */,
				AFF056351A0A79C8002B5710 /* rarvm.hpp */,
				AFF056361A0A79C8002B5710 /* rarvmtbl.cpp */,
				AFF056371A0A79C8002B5710 /* rawread.cpp */,
				AFF056381A0A79C8002B5710 /* rawread.hpp */,
				AFF056391A0A79C8002B5710 /* rdwrfn.cpp */,
				AFF0563A1A0A79C8002B5710 /* rdwrfn.hpp */,
				AFF0563C1A0A79C8002B5710 /* recvol.cpp */,
				AFF0563D1A0A79C8002B5710 /* recvol.hpp */,
				AFF0563E1A0A79C8002B5710 /* resource.cpp */,
				AFF0563F1A0A79C8002B5710 /* resource.hpp */,
				AFF056401A0A79C8002B5710 /* rijndael.cpp */,
				AFF056411A0A79C8002B5710 /* rijndael.hpp */,
				AFF056421A0A79C8002B5710 /* rs.cpp */,
				AFF056431A0A79C8002B5710 /* rs.hpp */,
				AFF056441A0A79C8002B5710 /* savepos.cpp */,
				AFF056451A0A79C8002B5710 /* savepos.hpp */,
				AFF056461A0A79C8002B5710 /* scantree.cpp */,
				AFF056471A0A79C8002B5710 /* scantree.hpp */,
				AFF056481A0A79C8002B5710 /* sha1.cpp */,
				AFF056491A0A79C8002B5710 /* sha1.hpp */,
				AFF0564A1A0A79C8002B5710 /* smallfn.cpp */,
				AFF0564B1A0A79C8002B5710 /* smallfn.hpp */,
				AFF0564C1A0A79C8002B5710 /* strfn.cpp */,
				AFF0564D1A0A79C8002B5710 /* strfn.hpp */,
				AFF0564E1A0A79C8002B5710 /* strlist.cpp */,
				AFF0564F1A0A79C8002B5710 /* strlist.hpp */,
				AFF056501A0A79C8002B5710 /* suballoc.cpp */,
				AFF056511A0A79C8002B5710 /* suballoc.hpp */,
				AFF056521A0A79C8002B5710 /* system.cpp */,
				AFF056531A0A79C8002B5710 /* system.hpp */,
				AFF056541A0A79C8002B5710 /* timefn.cpp */,
				AFF056551A0A79C8002B5710 /* timefn.hpp */,
				AFF056561A0A79C8002B5710 /* ulinks.cpp */,
				AFF056571A0A79C8002B5710 /* ulinks.hpp */,
				AFF056581A0A79C8002B5710 /* unicode.cpp */,
				AFF056591A0A79C8002B5710 /* unicode.hpp */,
				AFF0565A1A0A79C8002B5710 /* unios2.cpp */,
				AFF0565B1A0A79C8002B5710 /* unpack.cpp */,
				AFF0565C1A0A79C8002B5710 /* unpack.hpp */,
				AFF0565D1A0A79C8002B5710 /* unpack15.cpp */,
				AFF0565E1A0A79C8002B5710 /* unpack20.cpp */,
				AFF056611A0A79C8002B5710 /* uowners.cpp */,
				AFF056621A0A79C8002B5710 /* version.hpp */,
				AFF056631A0A79C8002B5710 /* volume.cpp */,
				AFF056641A0A79C8002B5710 /* volume.hpp */,
				AFF056651A0A79C8002B5710 /* win32acl.cpp */,
				AFF056661A0A79C8002B5710 /* win32stm.cpp */,
			);
			path = "UnRAR-3.9.10";
			sourceTree = "<group>";
		};
/* End PBXGroup section */

/* Begin PBXNativeTarget section */
		AF9B6B6717A032570046F92A /* wComics */ = {
			isa = PBXNativeTarget;
			buildConfigurationList = AF9B6B9417A032570046F92A /* Build configuration list for PBXNativeTarget "wComics" */;
			buildPhases = (
				529A25359B853E3AD0F58887 /* [CP] Check Pods Manifest.lock */,
				AF9B6B6417A032570046F92A /* Sources */,
				AF9B6B6517A032570046F92A /* Frameworks */,
				AF9B6B6617A032570046F92A /* Resources */,
				89728362AF6C4517A93002AD /* [CP] Copy Pods Resources */,
			);
			buildRules = (
			);
			dependencies = (
			);
			name = wComics;
			productName = wComics;
			productReference = AF9B6B6817A032570046F92A /* wComics.app */;
			productType = "com.apple.product-type.application";
		};
/* End PBXNativeTarget section */

/* Begin PBXProject section */
		AF9B6B6017A032570046F92A /* Project object */ = {
			isa = PBXProject;
			attributes = {
				CLASSPREFIX = WC;
				LastUpgradeCheck = 1120;
				ORGANIZATIONNAME = "Nik S Dyonin";
				TargetAttributes = {
					AF9B6B6717A032570046F92A = {
						DevelopmentTeam = U7BT5RC2Y6;
					};
				};
			};
			buildConfigurationList = AF9B6B6317A032570046F92A /* Build configuration list for PBXProject "wComics" */;
			compatibilityVersion = "Xcode 3.2";
			developmentRegion = en;
			hasScannedForEncodings = 0;
			knownRegions = (
				en,
				ru,
				Base,
			);
			mainGroup = AF9B6B5F17A032570046F92A;
			productRefGroup = AF9B6B6917A032570046F92A /* Products */;
			projectDirPath = "";
			projectRoot = "";
			targets = (
				AF9B6B6717A032570046F92A /* wComics */,
			);
		};
/* End PBXProject section */

/* Begin PBXResourcesBuildPhase section */
		AF9B6B6617A032570046F92A /* Resources */ = {
			isa = PBXResourcesBuildPhase;
			buildActionMask = 2147483647;
			files = (
				AF449D4F1D5A931100A8EB23 /* Settings.bundle in Resources */,
				AF9B6BC617A033AE0046F92A /* Localizable.strings in Resources */,
				AFD1C7901C2B7DBD00659B82 /* Images.xcassets in Resources */,
				AF149D9C2379FAA500CFF0C0 /* Launch Screen.storyboard in Resources */,
				AF9B6BC717A033AE0046F92A /* info.html in Resources */,
			);
			runOnlyForDeploymentPostprocessing = 0;
		};
/* End PBXResourcesBuildPhase section */

/* Begin PBXShellScriptBuildPhase section */
		529A25359B853E3AD0F58887 /* [CP] Check Pods Manifest.lock */ = {
			isa = PBXShellScriptBuildPhase;
			buildActionMask = 2147483647;
			files = (
			);
			inputPaths = (
				"${PODS_PODFILE_DIR_PATH}/Podfile.lock",
				"${PODS_ROOT}/Manifest.lock",
			);
			name = "[CP] Check Pods Manifest.lock";
			outputPaths = (
				"$(DERIVED_FILE_DIR)/Pods-wComics-checkManifestLockResult.txt",
			);
			runOnlyForDeploymentPostprocessing = 0;
			shellPath = /bin/sh;
			shellScript = "diff \"${PODS_PODFILE_DIR_PATH}/Podfile.lock\" \"${PODS_ROOT}/Manifest.lock\" > /dev/null\nif [ $? != 0 ] ; then\n    # print error to STDERR\n    echo \"error: The sandbox is not in sync with the Podfile.lock. Run 'pod install' or update your CocoaPods installation.\" >&2\n    exit 1\nfi\n# This output is used by Xcode 'outputs' to avoid re-running this script phase.\necho \"SUCCESS\" > \"${SCRIPT_OUTPUT_FILE_0}\"\n";
			showEnvVarsInLog = 0;
		};
		89728362AF6C4517A93002AD /* [CP] Copy Pods Resources */ = {
			isa = PBXShellScriptBuildPhase;
			buildActionMask = 2147483647;
			files = (
			);
			inputPaths = (
				"${PODS_ROOT}/Target Support Files/Pods-wComics/Pods-wComics-resources.sh",
				"${PODS_ROOT}/GCDWebServer/GCDWebUploader/GCDWebUploader.bundle",
			);
			name = "[CP] Copy Pods Resources";
			outputPaths = (
				"${TARGET_BUILD_DIR}/${UNLOCALIZED_RESOURCES_FOLDER_PATH}/GCDWebUploader.bundle",
			);
			runOnlyForDeploymentPostprocessing = 0;
			shellPath = /bin/sh;
			shellScript = "\"${PODS_ROOT}/Target Support Files/Pods-wComics/Pods-wComics-resources.sh\"\n";
			showEnvVarsInLog = 0;
		};
/* End PBXShellScriptBuildPhase section */

/* Begin PBXSourcesBuildPhase section */
		AF9B6B6417A032570046F92A /* Sources */ = {
			isa = PBXSourcesBuildPhase;
			buildActionMask = 2147483647;
			files = (
				AF9B6BB817A033A40046F92A /* WCItemCell.m in Sources */,
				AFF056A81A0A79C8002B5710 /* unpack.cpp in Sources */,
				AF9B6B7C17A032570046F92A /* WCAppDelegate.m in Sources */,
				AFF056821A0A79C8002B5710 /* isnt.cpp in Sources */,
				AFF0567F1A0A79C8002B5710 /* find.cpp in Sources */,
				AFF056731A0A79C8002B5710 /* crypt.cpp in Sources */,
				AF9B6BBA17A033A40046F92A /* WCLibraryViewController.m in Sources */,
				AFF056A61A0A79C8002B5710 /* unicode.cpp in Sources */,
				AFF056931A0A79C8002B5710 /* rarvm.cpp in Sources */,
				AF9B6BA017A032830046F92A /* WCComic.m in Sources */,
				AFF0568E1A0A79C8002B5710 /* options.cpp in Sources */,
				AFF0567A1A0A79C8002B5710 /* extract.cpp in Sources */,
				AFF0569B1A0A79C8002B5710 /* rs.cpp in Sources */,
				AFF0569D1A0A79C8002B5710 /* scantree.cpp in Sources */,
				AFF0568B1A0A79C8002B5710 /* match.cpp in Sources */,
				AFF0567B1A0A79C8002B5710 /* filcreat.cpp in Sources */,
				AFF056A41A0A79C8002B5710 /* timefn.cpp in Sources */,
				AFF056781A0A79C8002B5710 /* errhnd.cpp in Sources */,
				AFF056951A0A79C8002B5710 /* rawread.cpp in Sources */,
				AFF056991A0A79C8002B5710 /* resource.cpp in Sources */,
				AFF0569A1A0A79C8002B5710 /* rijndael.cpp in Sources */,
				AF9B6BBE17A033A40046F92A /* WCSliderToolbar.m in Sources */,
				AFF056711A0A79C8002B5710 /* consio.cpp in Sources */,
				AFF056A51A0A79C8002B5710 /* ulinks.cpp in Sources */,
				AFF056901A0A79C8002B5710 /* pathfn.cpp in Sources */,
				AFF056841A0A79C8002B5710 /* list.cpp in Sources */,
				AFF056911A0A79C8002B5710 /* rar.cpp in Sources */,
				AFF056811A0A79C8002B5710 /* global.cpp in Sources */,
				AFF056791A0A79C8002B5710 /* extinfo.cpp in Sources */,
				AF9B6BBC17A033A40046F92A /* WCSettingsStorage.m in Sources */,
				AFF056801A0A79C8002B5710 /* getbits.cpp in Sources */,
				AFF056A31A0A79C8002B5710 /* system.cpp in Sources */,
				AFF0569E1A0A79C8002B5710 /* sha1.cpp in Sources */,
				AFF0569C1A0A79C8002B5710 /* savepos.cpp in Sources */,
				AFF0566A1A0A79C8002B5710 /* zip.c in Sources */,
				AFF0566C1A0A79C8002B5710 /* archive.cpp in Sources */,
				AFF056671A0A79C8002B5710 /* ioapi.c in Sources */,
				AFF056A01A0A79C8002B5710 /* strfn.cpp in Sources */,
				AFF056721A0A79C8002B5710 /* crc.cpp in Sources */,
				AFF0566D1A0A79C8002B5710 /* arcread.cpp in Sources */,
				AFF056771A0A79C8002B5710 /* encname.cpp in Sources */,
				AFF056961A0A79C8002B5710 /* rdwrfn.cpp in Sources */,
				AF9B6BBB17A033A40046F92A /* WCServerViewController.m in Sources */,
				AF9B6B7817A032570046F92A /* main.m in Sources */,
				AF9B6BB917A033A40046F92A /* WCLibraryDataSource.m in Sources */,
				AFF056741A0A79C8002B5710 /* dll.cpp in Sources */,
				AFF0569F1A0A79C8002B5710 /* smallfn.cpp in Sources */,
				AF9B6BBD17A033A40046F92A /* WCScrollView.m in Sources */,
				AF9B6BA417A0329C0046F92A /* WCInfoViewController.m in Sources */,
				AF9B6BBF17A033A40046F92A /* WCViewerViewController.m in Sources */,
				AFF0567E1A0A79C8002B5710 /* filestr.cpp in Sources */,
				AFF0567C1A0A79C8002B5710 /* file.cpp in Sources */,
				AFF056691A0A79C8002B5710 /* unzip.c in Sources */,
				AFF056B61A0A7C2B002B5710 /* MiniZip.m in Sources */,
				AFF056921A0A79C8002B5710 /* rarpch.cpp in Sources */,
				AFF056851A0A79C8002B5710 /* log.cpp in Sources */,
				AFF0566F1A0A79C8002B5710 /* cmddata.cpp in Sources */,
				AFF056B71A0A7C2B002B5710 /* UnRAR.m in Sources */,
				AFF056AE1A0A79C8002B5710 /* volume.cpp in Sources */,
				AFF056681A0A79C8002B5710 /* mztools.c in Sources */,
				AFF056A11A0A79C8002B5710 /* strlist.cpp in Sources */,
				AFF0567D1A0A79C8002B5710 /* filefn.cpp in Sources */,
				AFF056981A0A79C8002B5710 /* recvol.cpp in Sources */,
			);
			runOnlyForDeploymentPostprocessing = 0;
		};
/* End PBXSourcesBuildPhase section */

/* Begin PBXVariantGroup section */
		AF9B6BC117A033AE0046F92A /* Localizable.strings */ = {
			isa = PBXVariantGroup;
			children = (
				AF9B6BC217A033AE0046F92A /* en */,
				AF9B6BC417A033AE0046F92A /* ru */,
			);
			name = Localizable.strings;
			sourceTree = "<group>";
		};
/* End PBXVariantGroup section */

/* Begin XCBuildConfiguration section */
		AF9B6B9217A032570046F92A /* Debug */ = {
			isa = XCBuildConfiguration;
			buildSettings = {
				ALWAYS_SEARCH_USER_PATHS = NO;
				CLANG_ANALYZER_LOCALIZABILITY_NONLOCALIZED = YES;
				CLANG_CXX_LANGUAGE_STANDARD = "gnu++0x";
				CLANG_CXX_LIBRARY = "libc++";
				CLANG_ENABLE_MODULES = YES;
				CLANG_ENABLE_OBJC_ARC = YES;
				CLANG_WARN_BLOCK_CAPTURE_AUTORELEASING = YES;
				CLANG_WARN_BOOL_CONVERSION = YES;
				CLANG_WARN_COMMA = YES;
				CLANG_WARN_CONSTANT_CONVERSION = YES;
				CLANG_WARN_DEPRECATED_OBJC_IMPLEMENTATIONS = YES;
				CLANG_WARN_DIRECT_OBJC_ISA_USAGE = YES_ERROR;
				CLANG_WARN_EMPTY_BODY = YES;
				CLANG_WARN_ENUM_CONVERSION = YES;
				CLANG_WARN_INFINITE_RECURSION = YES;
				CLANG_WARN_INT_CONVERSION = YES;
				CLANG_WARN_NON_LITERAL_NULL_CONVERSION = YES;
				CLANG_WARN_OBJC_IMPLICIT_RETAIN_SELF = YES;
				CLANG_WARN_OBJC_LITERAL_CONVERSION = YES;
				CLANG_WARN_OBJC_ROOT_CLASS = YES_ERROR;
				CLANG_WARN_RANGE_LOOP_ANALYSIS = YES;
				CLANG_WARN_STRICT_PROTOTYPES = YES;
				CLANG_WARN_SUSPICIOUS_MOVE = YES;
				CLANG_WARN_UNREACHABLE_CODE = YES;
				CLANG_WARN__DUPLICATE_METHOD_MATCH = YES;
				"CODE_SIGN_IDENTITY[sdk=iphoneos*]" = "iPhone Developer";
				COPY_PHASE_STRIP = NO;
				ENABLE_STRICT_OBJC_MSGSEND = YES;
				ENABLE_TESTABILITY = YES;
				GCC_C_LANGUAGE_STANDARD = gnu99;
				GCC_DYNAMIC_NO_PIC = NO;
				GCC_NO_COMMON_BLOCKS = YES;
				GCC_OPTIMIZATION_LEVEL = 0;
				GCC_PREPROCESSOR_DEFINITIONS = (
					"DEBUG=1",
					"$(inherited)",
				);
				GCC_SYMBOLS_PRIVATE_EXTERN = NO;
				GCC_WARN_64_TO_32_BIT_CONVERSION = YES;
				GCC_WARN_ABOUT_RETURN_TYPE = YES_ERROR;
				GCC_WARN_UNDECLARED_SELECTOR = YES;
				GCC_WARN_UNINITIALIZED_AUTOS = YES;
				GCC_WARN_UNUSED_FUNCTION = YES;
				GCC_WARN_UNUSED_VARIABLE = YES;
				IPHONEOS_DEPLOYMENT_TARGET = 11.0;
				ONLY_ACTIVE_ARCH = YES;
				SDKROOT = iphoneos;
				TARGETED_DEVICE_FAMILY = 2;
			};
			name = Debug;
		};
		AF9B6B9317A032570046F92A /* Release */ = {
			isa = XCBuildConfiguration;
			buildSettings = {
				ALWAYS_SEARCH_USER_PATHS = NO;
				CLANG_ANALYZER_LOCALIZABILITY_NONLOCALIZED = YES;
				CLANG_CXX_LANGUAGE_STANDARD = "gnu++0x";
				CLANG_CXX_LIBRARY = "libc++";
				CLANG_ENABLE_MODULES = YES;
				CLANG_ENABLE_OBJC_ARC = YES;
				CLANG_WARN_BLOCK_CAPTURE_AUTORELEASING = YES;
				CLANG_WARN_BOOL_CONVERSION = YES;
				CLANG_WARN_COMMA = YES;
				CLANG_WARN_CONSTANT_CONVERSION = YES;
				CLANG_WARN_DEPRECATED_OBJC_IMPLEMENTATIONS = YES;
				CLANG_WARN_DIRECT_OBJC_ISA_USAGE = YES_ERROR;
				CLANG_WARN_EMPTY_BODY = YES;
				CLANG_WARN_ENUM_CONVERSION = YES;
				CLANG_WARN_INFINITE_RECURSION = YES;
				CLANG_WARN_INT_CONVERSION = YES;
				CLANG_WARN_NON_LITERAL_NULL_CONVERSION = YES;
				CLANG_WARN_OBJC_IMPLICIT_RETAIN_SELF = YES;
				CLANG_WARN_OBJC_LITERAL_CONVERSION = YES;
				CLANG_WARN_OBJC_ROOT_CLASS = YES_ERROR;
				CLANG_WARN_RANGE_LOOP_ANALYSIS = YES;
				CLANG_WARN_STRICT_PROTOTYPES = YES;
				CLANG_WARN_SUSPICIOUS_MOVE = YES;
				CLANG_WARN_UNREACHABLE_CODE = YES;
				CLANG_WARN__DUPLICATE_METHOD_MATCH = YES;
				"CODE_SIGN_IDENTITY[sdk=iphoneos*]" = "iPhone Developer";
				COPY_PHASE_STRIP = YES;
				ENABLE_NS_ASSERTIONS = NO;
				ENABLE_STRICT_OBJC_MSGSEND = YES;
				GCC_C_LANGUAGE_STANDARD = gnu99;
				GCC_NO_COMMON_BLOCKS = YES;
				GCC_WARN_64_TO_32_BIT_CONVERSION = YES;
				GCC_WARN_ABOUT_RETURN_TYPE = YES_ERROR;
				GCC_WARN_UNDECLARED_SELECTOR = YES;
				GCC_WARN_UNINITIALIZED_AUTOS = YES;
				GCC_WARN_UNUSED_FUNCTION = YES;
				GCC_WARN_UNUSED_VARIABLE = YES;
				IPHONEOS_DEPLOYMENT_TARGET = 11.0;
				SDKROOT = iphoneos;
				TARGETED_DEVICE_FAMILY = 2;
				VALIDATE_PRODUCT = YES;
			};
			name = Release;
		};
		AF9B6B9517A032570046F92A /* Debug */ = {
			isa = XCBuildConfiguration;
			baseConfigurationReference = B46BA5E493B5872BF66DA194 /* Pods-wComics.debug.xcconfig */;
			buildSettings = {
				ASSETCATALOG_COMPILER_APPICON_NAME = AppIcon;
				CURRENT_PROJECT_VERSION = 1.1.0;
				GCC_PRECOMPILE_PREFIX_HEADER = YES;
				GCC_PREPROCESSOR_DEFINITIONS_NOT_USED_IN_PRECOMPS = (
					USE_FILE32API,
					RARDLL,
				);
				INFOPLIST_FILE = "wComics/wComics-Info.plist";
				MARKETING_VERSION = 1.1;
				PRODUCT_BUNDLE_IDENTIFIER = com.briteapps.wcomics;
				PRODUCT_NAME = "$(TARGET_NAME)";
				TARGETED_DEVICE_FAMILY = "1,2";
				WRAPPER_EXTENSION = app;
			};
			name = Debug;
		};
		AF9B6B9617A032570046F92A /* Release */ = {
			isa = XCBuildConfiguration;
			baseConfigurationReference = 3B33E0CFBC2EBA74B4872A0A /* Pods-wComics.release.xcconfig */;
			buildSettings = {
				ASSETCATALOG_COMPILER_APPICON_NAME = AppIcon;
				CURRENT_PROJECT_VERSION = 1.1.0;
				GCC_PRECOMPILE_PREFIX_HEADER = YES;
				GCC_PREPROCESSOR_DEFINITIONS_NOT_USED_IN_PRECOMPS = (
					USE_FILE32API,
					RARDLL,
				);
				INFOPLIST_FILE = "wComics/wComics-Info.plist";
				MARKETING_VERSION = 1.1;
				PRODUCT_BUNDLE_IDENTIFIER = com.briteapps.wcomics;
				PRODUCT_NAME = "$(TARGET_NAME)";
				TARGETED_DEVICE_FAMILY = "1,2";
				WRAPPER_EXTENSION = app;
			};
			name = Release;
		};
/* End XCBuildConfiguration section */

/* Begin XCConfigurationList section */
		AF9B6B6317A032570046F92A /* Build configuration list for PBXProject "wComics" */ = {
			isa = XCConfigurationList;
			buildConfigurations = (
				AF9B6B9217A032570046F92A /* Debug */,
				AF9B6B9317A032570046F92A /* Release */,
			);
			defaultConfigurationIsVisible = 0;
			defaultConfigurationName = Release;
		};
		AF9B6B9417A032570046F92A /* Build configuration list for PBXNativeTarget "wComics" */ = {
			isa = XCConfigurationList;
			buildConfigurations = (
				AF9B6B9517A032570046F92A /* Debug */,
				AF9B6B9617A032570046F92A /* Release */,
			);
			defaultConfigurationIsVisible = 0;
			defaultConfigurationName = Release;
		};
/* End XCConfigurationList section */
	};
	rootObject = AF9B6B6017A032570046F92A /* Project object */;
}
