PODS:
  - GCDWebServer/Core (3.5.3)
  - GCDWebServer/WebUploader (3.5.3):
    - GCDWebServer/Core

DEPENDENCIES:
  - GCDWebServer/WebUploader

SPEC REPOS:
  trunk:
    - GCDWebServer

SPEC CHECKSUMS:
  GCDWebServer: c0ab22c73e1b84f358d1e2f74bf6afd1c60829f2

PODFILE CHECKSUM: fe3a319ddca3bcb04c3756fcb1444ee75aa20a34

COCOAPODS: 1.8.4
