PODS:
  - CocoaLumberjack (2.3.0):
    - CocoaLumberjack/Default (= 2.3.0)
    - CocoaLumberjack/Extensions (= 2.3.0)
  - CocoaLumberjack/Core (2.3.0)
  - CocoaLumberjack/Default (2.3.0):
    - CocoaLumberjack/Core
  - CocoaLumberjack/Extensions (2.3.0):
    - CocoaLumberjack/Default
  - GCDWebServer/CocoaLumberjack (3.3.3):
    - CocoaLumberjack (~> 2)
    - GCDWebServer/Core
  - GCDWebServer/Core (3.3.3)
  - GCDWebServer/WebUploader (3.3.3):
    - GCDWebServer/WebUploader/CocoaLumberjack (= 3.3.3)
    - GCDWebServer/WebUploader/Core (= 3.3.3)
  - GCDWebServer/WebUploader/CocoaLumberjack (3.3.3):
    - GCDWebServer/CocoaLumberjack
    - GCDWebServer/WebUploader/Core
  - GCDWebServer/WebUploader/Core (3.3.3):
    - GCDWebServer/Core

DEPENDENCIES:
  - GCDWebServer/WebUploader

SPEC CHECKSUMS:
  CocoaLumberjack: 97fab7ee5f507fe54445cca7ea80f926729cfd15
  GCDWebServer: 1c39a1f0763e4eb492bee021e4270fce097d3555

PODFILE CHECKSUM: cfc3248647b2787a059215cc094f051f2eb09db4

COCOAPODS: 1.0.1
